
Microsoft Visual Studio Solution File, Format Version 12.00
# Visual Studio Version 17
VisualStudioVersion = 17.10.35122.118
MinimumVisualStudioVersion = 10.0.40219.1
Project("{FAE04EC0-301F-11D3-BF4B-00C04F79EFBC}") = "Cviceni-19-03-2025", "Cviceni-19-03-2025\Cviceni-19-03-2025.csproj", "{87711DA0-FE97-4FD8-8DC7-C2A8894FD266}"
EndProject
Global
	GlobalSection(SolutionConfigurationPlatforms) = preSolution
		Debug|Any CPU = Debug|Any CPU
		Release|Any CPU = Release|Any CPU
	EndGlobalSection
	GlobalSection(ProjectConfigurationPlatforms) = postSolution
		{87711DA0-FE97-4FD8-8DC7-C2A8894FD266}.Debug|Any CPU.ActiveCfg = Debug|Any CPU
		{87711DA0-FE97-4FD8-8DC7-C2A8894FD266}.Debug|Any CPU.Build.0 = Debug|Any CPU
		{87711DA0-FE97-4FD8-8DC7-C2A8894FD266}.Release|Any CPU.ActiveCfg = Release|Any CPU
		{87711DA0-FE97-4FD8-8DC7-C2A8894FD266}.Release|Any CPU.Build.0 = Release|Any CPU
	EndGlobalSection
	GlobalSection(SolutionProperties) = preSolution
		HideSolutionNode = FALSE
	EndGlobalSection
	GlobalSection(ExtensibilityGlobals) = postSolution
		SolutionGuid = {FB155B77-C78C-44D0-B40C-BAA46C1C7256}
	EndGlobalSection
EndGlobal
